
Microsoft Visual Studio Solution File, Format Version 12.00
# Visual Studio Version 17
VisualStudioVersion = 17.10.35013.160
MinimumVisualStudioVersion = 10.0.40219.1
Project("{FAE04EC0-301F-11D3-BF4B-00C04F79EFBC}") = "Rick_Morty", "Rick_Morty\Rick_Morty.csproj", "{C7D7A675-7902-4A5E-BDB7-DF5628F26147}"
EndProject
Global
	GlobalSection(SolutionConfigurationPlatforms) = preSolution
		Debug|Any CPU = Debug|Any CPU
		Release|Any CPU = Release|Any CPU
	EndGlobalSection
	GlobalSection(ProjectConfigurationPlatforms) = postSolution
		{C7D7A675-7902-4A5E-BDB7-DF5628F26147}.Debug|Any CPU.ActiveCfg = Debug|Any CPU
		{C7D7A675-7902-4A5E-BDB7-DF5628F26147}.Debug|Any CPU.Build.0 = Debug|Any CPU
		{C7D7A675-7902-4A5E-BDB7-DF5628F26147}.Release|Any CPU.ActiveCfg = Release|Any CPU
		{C7D7A675-7902-4A5E-BDB7-DF5628F26147}.Release|Any CPU.Build.0 = Release|Any CPU
	EndGlobalSection
	GlobalSection(SolutionProperties) = preSolution
		HideSolutionNode = FALSE
	EndGlobalSection
	GlobalSection(ExtensibilityGlobals) = postSolution
		SolutionGuid = {DA7AF109-47E5-49A5-8AC8-E8E2C7D72FCE}
	EndGlobalSection
EndGlobal
